
Microsoft Visual Studio Solution File, Format Version 12.00
# Visual Studio Version 16
VisualStudioVersion = 16.0.31410.357
MinimumVisualStudioVersion = 10.0.40219.1
Project("{FAE04EC0-301F-11D3-BF4B-00C04F79EFBC}") = "ContactApp", "ContactApp.csproj", "{AB8460A0-3C28-499F-B481-2529B6789CF8}"
EndProject
Global
	GlobalSection(SolutionConfigurationPlatforms) = preSolution
		Debug|Any CPU = Debug|Any CPU
		Release|Any CPU = Release|Any CPU
	EndGlobalSection
	GlobalSection(ProjectConfigurationPlatforms) = postSolution
		{AB8460A0-3C28-499F-B481-2529B6789CF8}.Debug|Any CPU.ActiveCfg = Debug|Any CPU
		{AB8460A0-3C28-499F-B481-2529B6789CF8}.Debug|Any CPU.Build.0 = Debug|Any CPU
		{AB8460A0-3C28-499F-B481-2529B6789CF8}.Release|Any CPU.ActiveCfg = Release|Any CPU
		{AB8460A0-3C28-499F-B481-2529B6789CF8}.Release|Any CPU.Build.0 = Release|Any CPU
	EndGlobalSection
	GlobalSection(SolutionProperties) = preSolution
		HideSolutionNode = FALSE
	EndGlobalSection
	GlobalSection(ExtensibilityGlobals) = postSolution
		SolutionGuid = {1CF2AC88-750D-40E7-8156-292F451DFD8A}
	EndGlobalSection
EndGlobal
